
Microsoft Visual Studio Solution File, Format Version 12.00
# Visual Studio Version 17
VisualStudioVersion = 17.14.36109.1
MinimumVisualStudioVersion = 10.0.40219.1
Project("{FAE04EC0-301F-11D3-BF4B-00C04F79EFBC}") = "UmpAvaloniaApp", "UmpAvaloniaApp\UmpAvaloniaApp.csproj", "{B075EAC8-0E06-4728-AADF-507502A7BABD}"
EndProject
Global
	GlobalSection(SolutionConfigurationPlatforms) = preSolution
		Debug|Any CPU = Debug|Any CPU
		Release|Any CPU = Release|Any CPU
	EndGlobalSection
	GlobalSection(ProjectConfigurationPlatforms) = postSolution
		{B075EAC8-0E06-4728-AADF-507502A7BABD}.Debug|Any CPU.ActiveCfg = Debug|Any CPU
		{B075EAC8-0E06-4728-AADF-507502A7BABD}.Debug|Any CPU.Build.0 = Debug|Any CPU
		{B075EAC8-0E06-4728-AADF-507502A7BABD}.Release|Any CPU.ActiveCfg = Release|Any CPU
		{B075EAC8-0E06-4728-AADF-507502A7BABD}.Release|Any CPU.Build.0 = Release|Any CPU
	EndGlobalSection
	GlobalSection(SolutionProperties) = preSolution
		HideSolutionNode = FALSE
	EndGlobalSection
	GlobalSection(ExtensibilityGlobals) = postSolution
		SolutionGuid = {A24DBB6B-4976-4F19-B4CE-AE6A2081DFEC}
	EndGlobalSection
EndGlobal
